
Microsoft Visual Studio Solution File, Format Version 12.00
# Visual Studio 2013
Project("{FAE04EC0-301F-11D3-BF4B-00C04F79EFBC}") = "UnityVS.SCRun.CSharp", "UnityVS.SCRun.CSharp.csproj", "{3C88CC62-D70F-F1FB-321E-791AB6E21A74}"
EndProject
Project("{FAE04EC0-301F-11D3-BF4B-00C04F79EFBC}") = "UnityVS.SCRun.CSharp.Editor", "UnityVS.SCRun.CSharp.Editor.csproj", "{7C890E79-D3D5-E2F1-E594-0FF2E756DFC4}"
EndProject
Global
	GlobalSection(SolutionConfigurationPlatforms) = preSolution
		Debug|Any CPU = Debug|Any CPU
		Release|Any CPU = Release|Any CPU
	EndGlobalSection
	GlobalSection(ProjectConfigurationPlatforms) = postSolution
		{3C88CC62-D70F-F1FB-321E-791AB6E21A74}.Debug|Any CPU.ActiveCfg = Debug|Any CPU
		{3C88CC62-D70F-F1FB-321E-791AB6E21A74}.Debug|Any CPU.Build.0 = Debug|Any CPU
		{3C88CC62-D70F-F1FB-321E-791AB6E21A74}.Release|Any CPU.ActiveCfg = Release|Any CPU
		{3C88CC62-D70F-F1FB-321E-791AB6E21A74}.Release|Any CPU.Build.0 = Release|Any CPU
		{7C890E79-D3D5-E2F1-E594-0FF2E756DFC4}.Debug|Any CPU.ActiveCfg = Debug|Any CPU
		{7C890E79-D3D5-E2F1-E594-0FF2E756DFC4}.Debug|Any CPU.Build.0 = Debug|Any CPU
		{7C890E79-D3D5-E2F1-E594-0FF2E756DFC4}.Release|Any CPU.ActiveCfg = Release|Any CPU
		{7C890E79-D3D5-E2F1-E594-0FF2E756DFC4}.Release|Any CPU.Build.0 = Release|Any CPU
	EndGlobalSection
	GlobalSection(SolutionProperties) = preSolution
		HideSolutionNode = FALSE
	EndGlobalSection
EndGlobal
